
Microsoft Visual Studio Solution File, Format Version 12.00
# Visual Studio Version 17
VisualStudioVersion = 17.7.34202.233
MinimumVisualStudioVersion = 10.0.40219.1
Project("{FAE04EC0-301F-11D3-BF4B-00C04F79EFBC}") = "WebAppCRUDTask", "WebAppCRUDTask.csproj", "{AD43BB5C-F813-43DE-8F30-810934051EEE}"
EndProject
Global
	GlobalSection(SolutionConfigurationPlatforms) = preSolution
		Debug|Any CPU = Debug|Any CPU
		Release|Any CPU = Release|Any CPU
	EndGlobalSection
	GlobalSection(ProjectConfigurationPlatforms) = postSolution
		{AD43BB5C-F813-43DE-8F30-810934051EEE}.Debug|Any CPU.ActiveCfg = Debug|Any CPU
		{AD43BB5C-F813-43DE-8F30-810934051EEE}.Debug|Any CPU.Build.0 = Debug|Any CPU
		{AD43BB5C-F813-43DE-8F30-810934051EEE}.Release|Any CPU.ActiveCfg = Release|Any CPU
		{AD43BB5C-F813-43DE-8F30-810934051EEE}.Release|Any CPU.Build.0 = Release|Any CPU
	EndGlobalSection
	GlobalSection(SolutionProperties) = preSolution
		HideSolutionNode = FALSE
	EndGlobalSection
	GlobalSection(ExtensibilityGlobals) = postSolution
		SolutionGuid = {16E17B7F-BD76-4541-AC5D-D7BE6679CB83}
	EndGlobalSection
EndGlobal
